
Microsoft Visual Studio Solution File, Format Version 12.00
# Visual Studio Version 17
VisualStudioVersion = 17.1.32407.343
MinimumVisualStudioVersion = 10.0.40219.1
Project("{9A19103F-16F7-4668-BE54-9A1E7A4F7556}") = "NCrontab.Scheduler", "NCrontab.Scheduler\NCrontab.Scheduler.csproj", "{86B291BE-9CC7-4E93-B660-D94130290DD0}"
EndProject
Project("{2150E333-8FDC-42A3-9474-1A3956D46DE8}") = "Tests", "Tests", "{0BF171CD-494F-49C6-922B-8FE694FC63C9}"
EndProject
Project("{2150E333-8FDC-42A3-9474-1A3956D46DE8}") = "Samples", "Samples", "{1130BDCF-F4C4-43EE-974A-A81DCB4E44B8}"
EndProject
Project("{2150E333-8FDC-42A3-9474-1A3956D46DE8}") = "Solution Items", "Solution Items", "{B93C95E7-E9A9-4864-89E6-5E21ADDA41AC}"
	ProjectSection(SolutionItems) = preProject
		.editorconfig = .editorconfig
		.gitignore = .gitignore
		azure-pipelines.yml = azure-pipelines.yml
	EndProjectSection
EndProject
Project("{9A19103F-16F7-4668-BE54-9A1E7A4F7556}") = "NCrontab.Scheduler.Tests", "Tests\NCrontab.Scheduler.Tests\NCrontab.Scheduler.Tests.csproj", "{679E258E-BC24-4AB6-8731-5EE2B371F575}"
EndProject
Project("{9A19103F-16F7-4668-BE54-9A1E7A4F7556}") = "NCrontab.Scheduler.ConsoleApp", "Samples\NCrontab.Scheduler.ConsoleApp\NCrontab.Scheduler.ConsoleApp.csproj", "{8A36D992-7DD0-4131-9E72-CAC8AE4C21AC}"
EndProject
Global
	GlobalSection(SolutionConfigurationPlatforms) = preSolution
		Debug|Any CPU = Debug|Any CPU
		Release|Any CPU = Release|Any CPU
	EndGlobalSection
	GlobalSection(ProjectConfigurationPlatforms) = postSolution
		{86B291BE-9CC7-4E93-B660-D94130290DD0}.Debug|Any CPU.ActiveCfg = Debug|Any CPU
		{86B291BE-9CC7-4E93-B660-D94130290DD0}.Debug|Any CPU.Build.0 = Debug|Any CPU
		{86B291BE-9CC7-4E93-B660-D94130290DD0}.Release|Any CPU.ActiveCfg = Release|Any CPU
		{86B291BE-9CC7-4E93-B660-D94130290DD0}.Release|Any CPU.Build.0 = Release|Any CPU
		{679E258E-BC24-4AB6-8731-5EE2B371F575}.Debug|Any CPU.ActiveCfg = Debug|Any CPU
		{679E258E-BC24-4AB6-8731-5EE2B371F575}.Debug|Any CPU.Build.0 = Debug|Any CPU
		{679E258E-BC24-4AB6-8731-5EE2B371F575}.Release|Any CPU.ActiveCfg = Release|Any CPU
		{679E258E-BC24-4AB6-8731-5EE2B371F575}.Release|Any CPU.Build.0 = Release|Any CPU
		{8A36D992-7DD0-4131-9E72-CAC8AE4C21AC}.Debug|Any CPU.ActiveCfg = Debug|Any CPU
		{8A36D992-7DD0-4131-9E72-CAC8AE4C21AC}.Debug|Any CPU.Build.0 = Debug|Any CPU
		{8A36D992-7DD0-4131-9E72-CAC8AE4C21AC}.Release|Any CPU.ActiveCfg = Release|Any CPU
		{8A36D992-7DD0-4131-9E72-CAC8AE4C21AC}.Release|Any CPU.Build.0 = Release|Any CPU
	EndGlobalSection
	GlobalSection(SolutionProperties) = preSolution
		HideSolutionNode = FALSE
	EndGlobalSection
	GlobalSection(NestedProjects) = preSolution
		{679E258E-BC24-4AB6-8731-5EE2B371F575} = {0BF171CD-494F-49C6-922B-8FE694FC63C9}
		{8A36D992-7DD0-4131-9E72-CAC8AE4C21AC} = {1130BDCF-F4C4-43EE-974A-A81DCB4E44B8}
	EndGlobalSection
	GlobalSection(ExtensibilityGlobals) = postSolution
		SolutionGuid = {6595F588-9CC7-41B3-B8EB-20EE631A34D1}
	EndGlobalSection
EndGlobal
